
Microsoft Visual Studio Solution File, Format Version 12.00
# Visual Studio Version 16
VisualStudioVersion = 16.0.29324.140
MinimumVisualStudioVersion = 10.0.40219.1
Project("{9A19103F-16F7-4668-BE54-9A1E7A4F7556}") = "WebApi", "WebApi.csproj", "{136367A6-E165-4A95-9865-060FA7ED192E}"
EndProject
Global
	GlobalSection(SolutionConfigurationPlatforms) = preSolution
		Debug|Any CPU = Debug|Any CPU
		Release|Any CPU = Release|Any CPU
	EndGlobalSection
	GlobalSection(ProjectConfigurationPlatforms) = postSolution
		{136367A6-E165-4A95-9865-060FA7ED192E}.Debug|Any CPU.ActiveCfg = Debug|Any CPU
		{136367A6-E165-4A95-9865-060FA7ED192E}.Debug|Any CPU.Build.0 = Debug|Any CPU
		{136367A6-E165-4A95-9865-060FA7ED192E}.Release|Any CPU.ActiveCfg = Release|Any CPU
		{136367A6-E165-4A95-9865-060FA7ED192E}.Release|Any CPU.Build.0 = Release|Any CPU
	EndGlobalSection
	GlobalSection(SolutionProperties) = preSolution
		HideSolutionNode = FALSE
	EndGlobalSection
	GlobalSection(ExtensibilityGlobals) = postSolution
		SolutionGuid = {89397845-A64E-4A50-94DF-5321F8378157}
	EndGlobalSection
EndGlobal
